# THIS IS AN AUTOGENERATED FILE. DO NOT EDIT THIS FILE DIRECTLY.
# yarn lockfile v1


material-design-icons-iconfont@^3.0.3:
  version "3.0.3"
  resolved "https://registry.yarnpkg.com/material-design-icons-iconfont/-/material-design-icons-iconfont-3.0.3.tgz#154a1084047d4e27237fa7f5a37e1075ceea6df2"

vuetify@^1.1.9:
  version "1.1.9"
  resolved "https://registry.yarnpkg.com/vuetify/-/vuetify-1.1.9.tgz#3eb497cc89d318ee6865bbebd081f5830f83f8ba"
